
Microsoft Visual Studio Solution File, Format Version 12.00
# Visual Studio Version 16
VisualStudioVersion = 16.0.29905.134
MinimumVisualStudioVersion = 10.0.40219.1
Project("{F184B08F-C81C-45F6-A57F-5ABD9991F28F}") = "MControlPanel", "MControlPanel.vbproj", "{C41BF7CD-2BB4-499D-95CF-FCE91AD111BC}"
EndProject
Global
	GlobalSection(SolutionConfigurationPlatforms) = preSolution
		Debug|Any CPU = Debug|Any CPU
		Release|Any CPU = Release|Any CPU
	EndGlobalSection
	GlobalSection(ProjectConfigurationPlatforms) = postSolution
		{C41BF7CD-2BB4-499D-95CF-FCE91AD111BC}.Debug|Any CPU.ActiveCfg = Debug|Any CPU
		{C41BF7CD-2BB4-499D-95CF-FCE91AD111BC}.Debug|Any CPU.Build.0 = Debug|Any CPU
		{C41BF7CD-2BB4-499D-95CF-FCE91AD111BC}.Release|Any CPU.ActiveCfg = Release|Any CPU
		{C41BF7CD-2BB4-499D-95CF-FCE91AD111BC}.Release|Any CPU.Build.0 = Release|Any CPU
	EndGlobalSection
	GlobalSection(SolutionProperties) = preSolution
		HideSolutionNode = FALSE
	EndGlobalSection
	GlobalSection(ExtensibilityGlobals) = postSolution
		SolutionGuid = {51F5972D-7E2F-4266-A7BE-3DC274D4809A}
	EndGlobalSection
EndGlobal
